
Microsoft Visual Studio Solution File, Format Version 12.00
# Visual Studio Version 16
VisualStudioVersion = 16.0.29411.108
MinimumVisualStudioVersion = 10.0.40219.1
Project("{2150E333-8FDC-42A3-9474-1A3956D46DE8}") = "Common", "Common", "{58166897-191E-4C16-AE4E-7D137D2DE6A6}"
EndProject
Project("{2150E333-8FDC-42A3-9474-1A3956D46DE8}") = "Core", "Core", "{1160B1FD-57C5-41B3-8BBF-FCF8517A8203}"
EndProject
Project("{2150E333-8FDC-42A3-9474-1A3956D46DE8}") = "Service", "Service", "{15D7568E-F50A-43BA-90A8-5FE9F379C78E}"
EndProject
Project("{2150E333-8FDC-42A3-9474-1A3956D46DE8}") = "Test", "Test", "{28850F92-B4CA-4160-ACE9-35F7625601D9}"
EndProject
Project("{2150E333-8FDC-42A3-9474-1A3956D46DE8}") = "Web App", "Web App", "{DD474768-B343-4FE1-80F9-6EBAA06AAE63}"
EndProject
Project("{9A19103F-16F7-4668-BE54-9A1E7A4F7556}") = "Bassi.ADO.Utilities", "Bassi.ADO.Utilities\Bassi.ADO.Utilities.csproj", "{EFD836AC-5375-4F6F-99DF-7D552099E85F}"
EndProject
Project("{9A19103F-16F7-4668-BE54-9A1E7A4F7556}") = "Bassi.API.Utilities", "Bassi.API.Utilities\Bassi.API.Utilities.csproj", "{9E56E96F-03F7-4EAA-B7F4-FD319B717CA6}"
EndProject
Project("{9A19103F-16F7-4668-BE54-9A1E7A4F7556}") = "Bassi.Portal.Service", "Bassi.Portal.Service\Bassi.Portal.Service.csproj", "{E19A1D9B-F4EA-4FDE-A9BE-05736A2DC60A}"
EndProject
Project("{9A19103F-16F7-4668-BE54-9A1E7A4F7556}") = "Bassi.Custom.DataAnotation", "Bassi.Custom.DataAnotation\Bassi.Custom.DataAnotation.csproj", "{C1469E61-3C24-49B7-971E-A22386275C7B}"
EndProject
Project("{9A19103F-16F7-4668-BE54-9A1E7A4F7556}") = "Bassi.Authenticate", "Bassi.Authenticate.Token\Bassi.Authenticate.csproj", "{986B4C0B-20CF-441A-BC10-933ABBD3EAF4}"
EndProject
Project("{9A19103F-16F7-4668-BE54-9A1E7A4F7556}") = "Bassi.API.Configuration", "Bassi.API.Configuration\Bassi.API.Configuration.csproj", "{2E0D9AC4-647A-4170-86FB-A00B2D6B8402}"
EndProject
Project("{9A19103F-16F7-4668-BE54-9A1E7A4F7556}") = "Bassi.Extentions", "Bassi.Extentions\Bassi.Extentions.csproj", "{86E3EAFA-28DA-4115-BEF4-B9129A98DCFF}"
EndProject
Project("{9A19103F-16F7-4668-BE54-9A1E7A4F7556}") = "Bassi.Api.Model", "Bassi.Api.Model\Bassi.Api.Model.csproj", "{CD0839C7-3BDB-491D-BC0C-A36F701922A2}"
EndProject
Project("{9A19103F-16F7-4668-BE54-9A1E7A4F7556}") = "Bassi.Utilities", "Bassi.Utilities\Bassi.Utilities.csproj", "{DDC2EF2C-52E0-42D3-A63B-1A5C2608AADA}"
EndProject
Project("{9A19103F-16F7-4668-BE54-9A1E7A4F7556}") = "Bassi.Cache", "Bassi.Cache\Bassi.Cache.csproj", "{D0137980-261B-4479-B7BA-D750771E432D}"
EndProject
Project("{00D1A9C2-B5F0-4AF3-8072-F6C62B433612}") = "Bassi.SQL", "Bassi.SQL\Bassi.SQL.sqlproj", "{2D3AC6DF-0DF1-414A-BB07-C8604835D569}"
EndProject
Project("{9A19103F-16F7-4668-BE54-9A1E7A4F7556}") = "Bassi.API.Authorize", "Bassi.API.Authorize\Bassi.API.Authorize.csproj", "{9F36BB94-46E8-460E-A90D-DCA19B979229}"
EndProject
Global
	GlobalSection(SolutionConfigurationPlatforms) = preSolution
		Debug|Any CPU = Debug|Any CPU
		Production|Any CPU = Production|Any CPU
		QA|Any CPU = QA|Any CPU
		Release|Any CPU = Release|Any CPU
	EndGlobalSection
	GlobalSection(ProjectConfigurationPlatforms) = postSolution
		{EFD836AC-5375-4F6F-99DF-7D552099E85F}.Debug|Any CPU.ActiveCfg = Debug|Any CPU
		{EFD836AC-5375-4F6F-99DF-7D552099E85F}.Debug|Any CPU.Build.0 = Debug|Any CPU
		{EFD836AC-5375-4F6F-99DF-7D552099E85F}.Production|Any CPU.ActiveCfg = Production|Any CPU
		{EFD836AC-5375-4F6F-99DF-7D552099E85F}.Production|Any CPU.Build.0 = Production|Any CPU
		{EFD836AC-5375-4F6F-99DF-7D552099E85F}.QA|Any CPU.ActiveCfg = QA|Any CPU
		{EFD836AC-5375-4F6F-99DF-7D552099E85F}.QA|Any CPU.Build.0 = QA|Any CPU
		{EFD836AC-5375-4F6F-99DF-7D552099E85F}.Release|Any CPU.ActiveCfg = Release|Any CPU
		{EFD836AC-5375-4F6F-99DF-7D552099E85F}.Release|Any CPU.Build.0 = Release|Any CPU
		{9E56E96F-03F7-4EAA-B7F4-FD319B717CA6}.Debug|Any CPU.ActiveCfg = Debug|Any CPU
		{9E56E96F-03F7-4EAA-B7F4-FD319B717CA6}.Debug|Any CPU.Build.0 = Debug|Any CPU
		{9E56E96F-03F7-4EAA-B7F4-FD319B717CA6}.Production|Any CPU.ActiveCfg = Production|Any CPU
		{9E56E96F-03F7-4EAA-B7F4-FD319B717CA6}.Production|Any CPU.Build.0 = Production|Any CPU
		{9E56E96F-03F7-4EAA-B7F4-FD319B717CA6}.QA|Any CPU.ActiveCfg = QA|Any CPU
		{9E56E96F-03F7-4EAA-B7F4-FD319B717CA6}.QA|Any CPU.Build.0 = QA|Any CPU
		{9E56E96F-03F7-4EAA-B7F4-FD319B717CA6}.Release|Any CPU.ActiveCfg = Release|Any CPU
		{9E56E96F-03F7-4EAA-B7F4-FD319B717CA6}.Release|Any CPU.Build.0 = Release|Any CPU
		{E19A1D9B-F4EA-4FDE-A9BE-05736A2DC60A}.Debug|Any CPU.ActiveCfg = Debug|Any CPU
		{E19A1D9B-F4EA-4FDE-A9BE-05736A2DC60A}.Debug|Any CPU.Build.0 = Debug|Any CPU
		{E19A1D9B-F4EA-4FDE-A9BE-05736A2DC60A}.Production|Any CPU.ActiveCfg = Production|Any CPU
		{E19A1D9B-F4EA-4FDE-A9BE-05736A2DC60A}.Production|Any CPU.Build.0 = Production|Any CPU
		{E19A1D9B-F4EA-4FDE-A9BE-05736A2DC60A}.QA|Any CPU.ActiveCfg = QA|Any CPU
		{E19A1D9B-F4EA-4FDE-A9BE-05736A2DC60A}.QA|Any CPU.Build.0 = QA|Any CPU
		{E19A1D9B-F4EA-4FDE-A9BE-05736A2DC60A}.Release|Any CPU.ActiveCfg = Release|Any CPU
		{E19A1D9B-F4EA-4FDE-A9BE-05736A2DC60A}.Release|Any CPU.Build.0 = Release|Any CPU
		{C1469E61-3C24-49B7-971E-A22386275C7B}.Debug|Any CPU.ActiveCfg = Debug|Any CPU
		{C1469E61-3C24-49B7-971E-A22386275C7B}.Debug|Any CPU.Build.0 = Debug|Any CPU
		{C1469E61-3C24-49B7-971E-A22386275C7B}.Production|Any CPU.ActiveCfg = PRODUCTION|Any CPU
		{C1469E61-3C24-49B7-971E-A22386275C7B}.Production|Any CPU.Build.0 = PRODUCTION|Any CPU
		{C1469E61-3C24-49B7-971E-A22386275C7B}.QA|Any CPU.ActiveCfg = QA|Any CPU
		{C1469E61-3C24-49B7-971E-A22386275C7B}.QA|Any CPU.Build.0 = QA|Any CPU
		{C1469E61-3C24-49B7-971E-A22386275C7B}.Release|Any CPU.ActiveCfg = Release|Any CPU
		{C1469E61-3C24-49B7-971E-A22386275C7B}.Release|Any CPU.Build.0 = Release|Any CPU
		{986B4C0B-20CF-441A-BC10-933ABBD3EAF4}.Debug|Any CPU.ActiveCfg = Debug|Any CPU
		{986B4C0B-20CF-441A-BC10-933ABBD3EAF4}.Debug|Any CPU.Build.0 = Debug|Any CPU
		{986B4C0B-20CF-441A-BC10-933ABBD3EAF4}.Production|Any CPU.ActiveCfg = PRODUCTION|Any CPU
		{986B4C0B-20CF-441A-BC10-933ABBD3EAF4}.Production|Any CPU.Build.0 = PRODUCTION|Any CPU
		{986B4C0B-20CF-441A-BC10-933ABBD3EAF4}.QA|Any CPU.ActiveCfg = QA|Any CPU
		{986B4C0B-20CF-441A-BC10-933ABBD3EAF4}.QA|Any CPU.Build.0 = QA|Any CPU
		{986B4C0B-20CF-441A-BC10-933ABBD3EAF4}.Release|Any CPU.ActiveCfg = Release|Any CPU
		{986B4C0B-20CF-441A-BC10-933ABBD3EAF4}.Release|Any CPU.Build.0 = Release|Any CPU
		{2E0D9AC4-647A-4170-86FB-A00B2D6B8402}.Debug|Any CPU.ActiveCfg = Debug|Any CPU
		{2E0D9AC4-647A-4170-86FB-A00B2D6B8402}.Debug|Any CPU.Build.0 = Debug|Any CPU
		{2E0D9AC4-647A-4170-86FB-A00B2D6B8402}.Production|Any CPU.ActiveCfg = PRODUCTION|Any CPU
		{2E0D9AC4-647A-4170-86FB-A00B2D6B8402}.Production|Any CPU.Build.0 = PRODUCTION|Any CPU
		{2E0D9AC4-647A-4170-86FB-A00B2D6B8402}.QA|Any CPU.ActiveCfg = QA|Any CPU
		{2E0D9AC4-647A-4170-86FB-A00B2D6B8402}.QA|Any CPU.Build.0 = QA|Any CPU
		{2E0D9AC4-647A-4170-86FB-A00B2D6B8402}.Release|Any CPU.ActiveCfg = Release|Any CPU
		{2E0D9AC4-647A-4170-86FB-A00B2D6B8402}.Release|Any CPU.Build.0 = Release|Any CPU
		{86E3EAFA-28DA-4115-BEF4-B9129A98DCFF}.Debug|Any CPU.ActiveCfg = Debug|Any CPU
		{86E3EAFA-28DA-4115-BEF4-B9129A98DCFF}.Debug|Any CPU.Build.0 = Debug|Any CPU
		{86E3EAFA-28DA-4115-BEF4-B9129A98DCFF}.Production|Any CPU.ActiveCfg = PRODUCTION|Any CPU
		{86E3EAFA-28DA-4115-BEF4-B9129A98DCFF}.Production|Any CPU.Build.0 = PRODUCTION|Any CPU
		{86E3EAFA-28DA-4115-BEF4-B9129A98DCFF}.QA|Any CPU.ActiveCfg = QA|Any CPU
		{86E3EAFA-28DA-4115-BEF4-B9129A98DCFF}.QA|Any CPU.Build.0 = QA|Any CPU
		{86E3EAFA-28DA-4115-BEF4-B9129A98DCFF}.Release|Any CPU.ActiveCfg = Release|Any CPU
		{86E3EAFA-28DA-4115-BEF4-B9129A98DCFF}.Release|Any CPU.Build.0 = Release|Any CPU
		{CD0839C7-3BDB-491D-BC0C-A36F701922A2}.Debug|Any CPU.ActiveCfg = Debug|Any CPU
		{CD0839C7-3BDB-491D-BC0C-A36F701922A2}.Debug|Any CPU.Build.0 = Debug|Any CPU
		{CD0839C7-3BDB-491D-BC0C-A36F701922A2}.Production|Any CPU.ActiveCfg = Debug|Any CPU
		{CD0839C7-3BDB-491D-BC0C-A36F701922A2}.Production|Any CPU.Build.0 = Debug|Any CPU
		{CD0839C7-3BDB-491D-BC0C-A36F701922A2}.QA|Any CPU.ActiveCfg = Release|Any CPU
		{CD0839C7-3BDB-491D-BC0C-A36F701922A2}.QA|Any CPU.Build.0 = Release|Any CPU
		{CD0839C7-3BDB-491D-BC0C-A36F701922A2}.Release|Any CPU.ActiveCfg = Release|Any CPU
		{CD0839C7-3BDB-491D-BC0C-A36F701922A2}.Release|Any CPU.Build.0 = Release|Any CPU
		{DDC2EF2C-52E0-42D3-A63B-1A5C2608AADA}.Debug|Any CPU.ActiveCfg = Debug|Any CPU
		{DDC2EF2C-52E0-42D3-A63B-1A5C2608AADA}.Debug|Any CPU.Build.0 = Debug|Any CPU
		{DDC2EF2C-52E0-42D3-A63B-1A5C2608AADA}.Production|Any CPU.ActiveCfg = Debug|Any CPU
		{DDC2EF2C-52E0-42D3-A63B-1A5C2608AADA}.Production|Any CPU.Build.0 = Debug|Any CPU
		{DDC2EF2C-52E0-42D3-A63B-1A5C2608AADA}.QA|Any CPU.ActiveCfg = Release|Any CPU
		{DDC2EF2C-52E0-42D3-A63B-1A5C2608AADA}.QA|Any CPU.Build.0 = Release|Any CPU
		{DDC2EF2C-52E0-42D3-A63B-1A5C2608AADA}.Release|Any CPU.ActiveCfg = Release|Any CPU
		{DDC2EF2C-52E0-42D3-A63B-1A5C2608AADA}.Release|Any CPU.Build.0 = Release|Any CPU
		{D0137980-261B-4479-B7BA-D750771E432D}.Debug|Any CPU.ActiveCfg = Debug|Any CPU
		{D0137980-261B-4479-B7BA-D750771E432D}.Debug|Any CPU.Build.0 = Debug|Any CPU
		{D0137980-261B-4479-B7BA-D750771E432D}.Production|Any CPU.ActiveCfg = Debug|Any CPU
		{D0137980-261B-4479-B7BA-D750771E432D}.Production|Any CPU.Build.0 = Debug|Any CPU
		{D0137980-261B-4479-B7BA-D750771E432D}.QA|Any CPU.ActiveCfg = Release|Any CPU
		{D0137980-261B-4479-B7BA-D750771E432D}.QA|Any CPU.Build.0 = Release|Any CPU
		{D0137980-261B-4479-B7BA-D750771E432D}.Release|Any CPU.ActiveCfg = Release|Any CPU
		{D0137980-261B-4479-B7BA-D750771E432D}.Release|Any CPU.Build.0 = Release|Any CPU
		{2D3AC6DF-0DF1-414A-BB07-C8604835D569}.Debug|Any CPU.ActiveCfg = Debug|Any CPU
		{2D3AC6DF-0DF1-414A-BB07-C8604835D569}.Debug|Any CPU.Build.0 = Debug|Any CPU
		{2D3AC6DF-0DF1-414A-BB07-C8604835D569}.Debug|Any CPU.Deploy.0 = Debug|Any CPU
		{2D3AC6DF-0DF1-414A-BB07-C8604835D569}.Production|Any CPU.ActiveCfg = Debug|Any CPU
		{2D3AC6DF-0DF1-414A-BB07-C8604835D569}.Production|Any CPU.Build.0 = Debug|Any CPU
		{2D3AC6DF-0DF1-414A-BB07-C8604835D569}.Production|Any CPU.Deploy.0 = Debug|Any CPU
		{2D3AC6DF-0DF1-414A-BB07-C8604835D569}.QA|Any CPU.ActiveCfg = Release|Any CPU
		{2D3AC6DF-0DF1-414A-BB07-C8604835D569}.QA|Any CPU.Build.0 = Release|Any CPU
		{2D3AC6DF-0DF1-414A-BB07-C8604835D569}.QA|Any CPU.Deploy.0 = Release|Any CPU
		{2D3AC6DF-0DF1-414A-BB07-C8604835D569}.Release|Any CPU.ActiveCfg = Release|Any CPU
		{2D3AC6DF-0DF1-414A-BB07-C8604835D569}.Release|Any CPU.Build.0 = Release|Any CPU
		{2D3AC6DF-0DF1-414A-BB07-C8604835D569}.Release|Any CPU.Deploy.0 = Release|Any CPU
		{9F36BB94-46E8-460E-A90D-DCA19B979229}.Debug|Any CPU.ActiveCfg = Debug|Any CPU
		{9F36BB94-46E8-460E-A90D-DCA19B979229}.Debug|Any CPU.Build.0 = Debug|Any CPU
		{9F36BB94-46E8-460E-A90D-DCA19B979229}.Production|Any CPU.ActiveCfg = Debug|Any CPU
		{9F36BB94-46E8-460E-A90D-DCA19B979229}.Production|Any CPU.Build.0 = Debug|Any CPU
		{9F36BB94-46E8-460E-A90D-DCA19B979229}.QA|Any CPU.ActiveCfg = Debug|Any CPU
		{9F36BB94-46E8-460E-A90D-DCA19B979229}.QA|Any CPU.Build.0 = Debug|Any CPU
		{9F36BB94-46E8-460E-A90D-DCA19B979229}.Release|Any CPU.ActiveCfg = Release|Any CPU
		{9F36BB94-46E8-460E-A90D-DCA19B979229}.Release|Any CPU.Build.0 = Release|Any CPU
	EndGlobalSection
	GlobalSection(SolutionProperties) = preSolution
		HideSolutionNode = FALSE
	EndGlobalSection
	GlobalSection(NestedProjects) = preSolution
		{EFD836AC-5375-4F6F-99DF-7D552099E85F} = {58166897-191E-4C16-AE4E-7D137D2DE6A6}
		{9E56E96F-03F7-4EAA-B7F4-FD319B717CA6} = {58166897-191E-4C16-AE4E-7D137D2DE6A6}
		{E19A1D9B-F4EA-4FDE-A9BE-05736A2DC60A} = {15D7568E-F50A-43BA-90A8-5FE9F379C78E}
		{C1469E61-3C24-49B7-971E-A22386275C7B} = {58166897-191E-4C16-AE4E-7D137D2DE6A6}
		{986B4C0B-20CF-441A-BC10-933ABBD3EAF4} = {58166897-191E-4C16-AE4E-7D137D2DE6A6}
		{2E0D9AC4-647A-4170-86FB-A00B2D6B8402} = {58166897-191E-4C16-AE4E-7D137D2DE6A6}
		{86E3EAFA-28DA-4115-BEF4-B9129A98DCFF} = {58166897-191E-4C16-AE4E-7D137D2DE6A6}
		{CD0839C7-3BDB-491D-BC0C-A36F701922A2} = {58166897-191E-4C16-AE4E-7D137D2DE6A6}
		{DDC2EF2C-52E0-42D3-A63B-1A5C2608AADA} = {58166897-191E-4C16-AE4E-7D137D2DE6A6}
		{D0137980-261B-4479-B7BA-D750771E432D} = {58166897-191E-4C16-AE4E-7D137D2DE6A6}
		{2D3AC6DF-0DF1-414A-BB07-C8604835D569} = {1160B1FD-57C5-41B3-8BBF-FCF8517A8203}
		{9F36BB94-46E8-460E-A90D-DCA19B979229} = {58166897-191E-4C16-AE4E-7D137D2DE6A6}
	EndGlobalSection
	GlobalSection(ExtensibilityGlobals) = postSolution
		SolutionGuid = {6A16AE44-0AF8-4B60-950F-E8E92E8FB01F}
	EndGlobalSection
EndGlobal
